<?xml version="1.0" encoding="utf-8"?>
<Project ToolsVersion="4.0" xmlns="http://schemas.microsoft.com/developer/msbuild/2003">
  <ItemGroup>
    <ClCompile Include="..\src\ai\GeneticAlgorithm.cpp">
      <Filter>AI</Filter>
    </ClCompile>
    <ClCompile Include="..\src\global\BotConfig.cpp">
      <Filter>global</Filter>
    </ClCompile>
    <ClCompile Include="..\src\macro\BuildingManager.cpp">
      <Filter>macro</Filter>
    </ClCompile>
    <ClCompile Include="..\src\macro\BuildingPlacer.cpp">
      <Filter>macro</Filter>
    </ClCompile>
    <ClCompile Include="..\src\macro\BuildOrder.cpp">
      <Filter>macro</Filter>
    </ClCompile>
    <ClCompile Include="..\src\macro\BuildOrderQueue.cpp">
      <Filter>macro</Filter>
    </ClCompile>
    <ClCompile Include="..\src\macro\ProductionManager.cpp">
      <Filter>macro</Filter>
    </ClCompile>
    <ClCompile Include="..\src\micro\ScoutManager.cpp">
      <Filter>micro</Filter>
    </ClCompile>
    <ClCompile Include="..\src\micro\Squad.cpp">
      <Filter>micro</Filter>
    </ClCompile>
    <ClCompile Include="..\src\micro\SquadData.cpp">
      <Filter>micro</Filter>
    </ClCompile>
    <ClCompile Include="..\src\micro\SquadOrder.cpp">
      <Filter>micro</Filter>
    </ClCompile>
    <ClCompile Include="..\src\micro\CombatCommander.cpp">
      <Filter>micro</Filter>
    </ClCompile>
    <ClCompile Include="..\src\micro\Micro.cpp">
      <Filter>micro</Filter>
    </ClCompile>
    <ClCompile Include="..\src\micro\ProxyManager.cpp">
      <Filter>micro</Filter>
    </ClCompile>
    <ClCompile Include="..\src\common\BotAssert.cpp">
      <Filter>common</Filter>
    </ClCompile>
    <ClCompile Include="..\src\macro\Building.cpp">
      <Filter>macro</Filter>
    </ClCompile>
    <ClCompile Include="..\src\macro\WorkerManager.cpp">
      <Filter>macro</Filter>
    </ClCompile>
    <ClCompile Include="..\src\ai\Pathfinding.cpp">
      <Filter>AI</Filter>
    </ClCompile>
    <ClCompile Include="..\src\micro\CombatMicroManager.cpp">
      <Filter>micro</Filter>
    </ClCompile>
    <ClCompile Include="..\src\micro\ProxyTrainingData.cpp">
      <Filter>micro</Filter>
    </ClCompile>
    <ClCompile Include="..\src\TechLab\InformationManager.cpp">
      <Filter>TechLab</Filter>
    </ClCompile>
    <ClCompile Include="..\src\TechLab\information\BaseLocation.cpp">
      <Filter>TechLab</Filter>
    </ClCompile>
    <ClCompile Include="..\src\TechLab\information\BaseLocationManager.cpp">
      <Filter>TechLab</Filter>
    </ClCompile>
    <ClCompile Include="..\src\TechLab\information\MapTools.cpp">
      <Filter>TechLab</Filter>
    </ClCompile>
    <ClCompile Include="..\src\TechLab\information\UnitData.cpp">
      <Filter>TechLab</Filter>
    </ClCompile>
    <ClCompile Include="..\src\TechLab\information\UnitInfoManager.cpp">
      <Filter>TechLab</Filter>
    </ClCompile>
    <ClCompile Include="..\src\TechLab\util\Debug.cpp">
      <Filter>TechLab</Filter>
    </ClCompile>
    <ClCompile Include="..\src\TechLab\util\DistanceMap.cpp">
      <Filter>TechLab</Filter>
    </ClCompile>
    <ClCompile Include="..\src\TechLab\util\JSONTools.cpp">
      <Filter>TechLab</Filter>
    </ClCompile>
    <ClCompile Include="..\src\TechLab\util\Util.cpp">
      <Filter>TechLab</Filter>
    </ClCompile>
    <ClCompile Include="..\src\main.cpp" />
    <ClCompile Include="..\src\StrategyManager.cpp" />
    <ClCompile Include="..\src\ByunJRBot.cpp" />
  </ItemGroup>
  <ItemGroup>
    <ClInclude Include="..\src\ai\GeneticAlgorithm.h">
      <Filter>AI</Filter>
    </ClInclude>
    <ClInclude Include="..\src\global\BotConfig.h">
      <Filter>global</Filter>
    </ClInclude>
    <ClInclude Include="..\src\macro\Building.h">
      <Filter>macro</Filter>
    </ClInclude>
    <ClInclude Include="..\src\macro\BuildingManager.h">
      <Filter>macro</Filter>
    </ClInclude>
    <ClInclude Include="..\src\macro\BuildingPlacer.h">
      <Filter>macro</Filter>
    </ClInclude>
    <ClInclude Include="..\src\macro\BuildOrder.h">
      <Filter>macro</Filter>
    </ClInclude>
    <ClInclude Include="..\src\macro\BuildOrderQueue.h">
      <Filter>macro</Filter>
    </ClInclude>
    <ClInclude Include="..\src\macro\ProductionManager.h">
      <Filter>macro</Filter>
    </ClInclude>
    <ClInclude Include="..\src\micro\ScoutManager.h">
      <Filter>micro</Filter>
    </ClInclude>
    <ClInclude Include="..\src\micro\Squad.h">
      <Filter>micro</Filter>
    </ClInclude>
    <ClInclude Include="..\src\micro\SquadData.h">
      <Filter>micro</Filter>
    </ClInclude>
    <ClInclude Include="..\src\micro\SquadOrder.h">
      <Filter>micro</Filter>
    </ClInclude>
    <ClInclude Include="..\src\micro\CombatCommander.h">
      <Filter>micro</Filter>
    </ClInclude>
    <ClInclude Include="..\src\micro\Micro.h">
      <Filter>micro</Filter>
    </ClInclude>
    <ClInclude Include="..\src\micro\ProxyManager.h">
      <Filter>micro</Filter>
    </ClInclude>
    <ClInclude Include="..\src\common\BotAssert.h">
      <Filter>common</Filter>
    </ClInclude>
    <ClInclude Include="..\src\macro\WorkerManager.h">
      <Filter>macro</Filter>
    </ClInclude>
    <ClInclude Include="..\src\ai\Pathfinding.h">
      <Filter>AI</Filter>
    </ClInclude>
    <ClInclude Include="..\src\micro\CombatMicroManager.h">
      <Filter>micro</Filter>
    </ClInclude>
    <ClInclude Include="..\src\micro\ProxyTrainingData.h">
      <Filter>micro</Filter>
    </ClInclude>
    <ClInclude Include="..\src\TechLab\InformationManager.h">
      <Filter>TechLab</Filter>
    </ClInclude>
    <ClInclude Include="..\src\TechLab\information\BaseLocation.h">
      <Filter>TechLab</Filter>
    </ClInclude>
    <ClInclude Include="..\src\TechLab\information\BaseLocationManager.h">
      <Filter>TechLab</Filter>
    </ClInclude>
    <ClInclude Include="..\src\TechLab\information\MapTools.h">
      <Filter>TechLab</Filter>
    </ClInclude>
    <ClInclude Include="..\src\TechLab\information\UnitData.h">
      <Filter>TechLab</Filter>
    </ClInclude>
    <ClInclude Include="..\src\TechLab\information\UnitInfo.h">
      <Filter>TechLab</Filter>
    </ClInclude>
    <ClInclude Include="..\src\TechLab\information\UnitInfoManager.h">
      <Filter>TechLab</Filter>
    </ClInclude>
    <ClInclude Include="..\src\TechLab\util\Debug.h">
      <Filter>TechLab</Filter>
    </ClInclude>
    <ClInclude Include="..\src\TechLab\util\DistanceMap.h">
      <Filter>TechLab</Filter>
    </ClInclude>
    <ClInclude Include="..\src\TechLab\util\JSONTools.h">
      <Filter>TechLab</Filter>
    </ClInclude>
    <ClInclude Include="..\src\TechLab\util\Timer.hpp">
      <Filter>TechLab</Filter>
    </ClInclude>
    <ClInclude Include="..\src\TechLab\util\Util.h">
      <Filter>TechLab</Filter>
    </ClInclude>
    <ClInclude Include="..\src\ByunJRBot.h" />
    <ClInclude Include="..\src\StrategyManager.h" />
  </ItemGroup>
  <ItemGroup>
    <Filter Include="common">
      <UniqueIdentifier>{1cc43733-1dd7-4b34-b6e6-e60f0567751e}</UniqueIdentifier>
    </Filter>
    <Filter Include="micro">
      <UniqueIdentifier>{9829f5c0-728d-4121-8884-bf1fddd88a87}</UniqueIdentifier>
    </Filter>
    <Filter Include="AI">
      <UniqueIdentifier>{1786ff3b-e8d4-4894-893e-fe3221fed656}</UniqueIdentifier>
    </Filter>
    <Filter Include="global">
      <UniqueIdentifier>{ab87a61f-a2db-49f6-bf22-c5ec113965b4}</UniqueIdentifier>
    </Filter>
    <Filter Include="macro">
      <UniqueIdentifier>{fb64eecf-b7bb-4ce5-ba5a-62a0d45b2d30}</UniqueIdentifier>
    </Filter>
    <Filter Include="TechLab">
      <UniqueIdentifier>{0256bdb9-0622-4a5c-b551-c0b3be2f7570}</UniqueIdentifier>
    </Filter>
  </ItemGroup>
  <ItemGroup>
    <None Include="..\src\TechLab\.git">
      <Filter>TechLab</Filter>
    </None>
  </ItemGroup>
</Project>