<?xml version="1.0" encoding="utf-8"?>
<Project ToolsVersion="4.0" xmlns="http://schemas.microsoft.com/developer/msbuild/2003">
  <ItemGroup>
    <ClCompile Include="..\src\main.cpp" />
    <ClCompile Include="..\src\ByunJRBot.cpp" />
    <ClCompile Include="..\src\ai\GeneticAlgorithm.cpp">
      <Filter>AI</Filter>
    </ClCompile>
    <ClCompile Include="..\src\global\BotConfig.cpp">
      <Filter>global</Filter>
    </ClCompile>
    <ClCompile Include="..\src\macro\BuildingManager.cpp">
      <Filter>macro</Filter>
    </ClCompile>
    <ClCompile Include="..\src\macro\BuildingPlacer.cpp">
      <Filter>macro</Filter>
    </ClCompile>
    <ClCompile Include="..\src\macro\BuildOrder.cpp">
      <Filter>macro</Filter>
    </ClCompile>
    <ClCompile Include="..\src\macro\BuildOrderQueue.cpp">
      <Filter>macro</Filter>
    </ClCompile>
    <ClCompile Include="..\src\macro\ProductionManager.cpp">
      <Filter>macro</Filter>
    </ClCompile>
    <ClCompile Include="..\src\micro\RangedManager.cpp">
      <Filter>micro</Filter>
    </ClCompile>
    <ClCompile Include="..\src\micro\ScoutManager.cpp">
      <Filter>micro</Filter>
    </ClCompile>
    <ClCompile Include="..\src\micro\Squad.cpp">
      <Filter>micro</Filter>
    </ClCompile>
    <ClCompile Include="..\src\micro\SquadData.cpp">
      <Filter>micro</Filter>
    </ClCompile>
    <ClCompile Include="..\src\micro\SquadOrder.cpp">
      <Filter>micro</Filter>
    </ClCompile>
    <ClCompile Include="..\src\micro\CombatCommander.cpp">
      <Filter>micro</Filter>
    </ClCompile>
    <ClCompile Include="..\src\micro\MeleeManager.cpp">
      <Filter>micro</Filter>
    </ClCompile>
    <ClCompile Include="..\src\micro\Micro.cpp">
      <Filter>micro</Filter>
    </ClCompile>
    <ClCompile Include="..\src\micro\MicroManager.cpp">
      <Filter>micro</Filter>
    </ClCompile>
    <ClCompile Include="..\src\micro\ProxyManager.cpp">
      <Filter>micro</Filter>
    </ClCompile>
    <ClCompile Include="..\src\util\JSONTools.cpp">
      <Filter>util</Filter>
    </ClCompile>
    <ClCompile Include="..\src\util\Util.cpp">
      <Filter>util</Filter>
    </ClCompile>
    <ClCompile Include="..\src\util\DistanceMap.cpp">
      <Filter>util</Filter>
    </ClCompile>
    <ClCompile Include="..\src\common\BotAssert.cpp">
      <Filter>common</Filter>
    </ClCompile>
    <ClCompile Include="..\src\macro\Building.cpp">
      <Filter>macro</Filter>
    </ClCompile>
    <ClCompile Include="..\src\util\MapTools.cpp">
      <Filter>util</Filter>
    </ClCompile>
    <ClCompile Include="..\src\macro\WorkerManager.cpp">
      <Filter>macro</Filter>
    </ClCompile>
    <ClCompile Include="..\src\information\BaseLocationManager.cpp">
      <Filter>information</Filter>
    </ClCompile>
    <ClCompile Include="..\src\information\UnitInfoManager.cpp">
      <Filter>information</Filter>
    </ClCompile>
    <ClCompile Include="..\src\information\WorkerData.cpp">
      <Filter>information</Filter>
    </ClCompile>
    <ClCompile Include="..\src\information\BaseLocation.cpp">
      <Filter>information</Filter>
    </ClCompile>
    <ClCompile Include="..\src\information\UnitData.cpp">
      <Filter>information</Filter>
    </ClCompile>
    <ClCompile Include="..\src\information\ProxyTrainingData.cpp">
      <Filter>information</Filter>
    </ClCompile>
    <ClCompile Include="..\src\InformationManager.cpp" />
    <ClCompile Include="..\src\StrategyManager.cpp" />
  </ItemGroup>
  <ItemGroup>
    <ClInclude Include="..\src\ByunJRBot.h" />
    <ClInclude Include="..\src\ai\GeneticAlgorithm.h">
      <Filter>AI</Filter>
    </ClInclude>
    <ClInclude Include="..\src\global\BotConfig.h">
      <Filter>global</Filter>
    </ClInclude>
    <ClInclude Include="..\src\macro\Building.h">
      <Filter>macro</Filter>
    </ClInclude>
    <ClInclude Include="..\src\macro\BuildingManager.h">
      <Filter>macro</Filter>
    </ClInclude>
    <ClInclude Include="..\src\macro\BuildingPlacer.h">
      <Filter>macro</Filter>
    </ClInclude>
    <ClInclude Include="..\src\macro\BuildOrder.h">
      <Filter>macro</Filter>
    </ClInclude>
    <ClInclude Include="..\src\macro\BuildOrderQueue.h">
      <Filter>macro</Filter>
    </ClInclude>
    <ClInclude Include="..\src\macro\ProductionManager.h">
      <Filter>macro</Filter>
    </ClInclude>
    <ClInclude Include="..\src\micro\RangedManager.h">
      <Filter>micro</Filter>
    </ClInclude>
    <ClInclude Include="..\src\micro\ScoutManager.h">
      <Filter>micro</Filter>
    </ClInclude>
    <ClInclude Include="..\src\micro\Squad.h">
      <Filter>micro</Filter>
    </ClInclude>
    <ClInclude Include="..\src\micro\SquadData.h">
      <Filter>micro</Filter>
    </ClInclude>
    <ClInclude Include="..\src\micro\SquadOrder.h">
      <Filter>micro</Filter>
    </ClInclude>
    <ClInclude Include="..\src\micro\CombatCommander.h">
      <Filter>micro</Filter>
    </ClInclude>
    <ClInclude Include="..\src\micro\MeleeManager.h">
      <Filter>micro</Filter>
    </ClInclude>
    <ClInclude Include="..\src\micro\Micro.h">
      <Filter>micro</Filter>
    </ClInclude>
    <ClInclude Include="..\src\micro\MicroManager.h">
      <Filter>micro</Filter>
    </ClInclude>
    <ClInclude Include="..\src\micro\ProxyManager.h">
      <Filter>micro</Filter>
    </ClInclude>
    <ClInclude Include="..\src\util\DistanceMap.h">
      <Filter>util</Filter>
    </ClInclude>
    <ClInclude Include="..\src\util\JSONTools.h">
      <Filter>util</Filter>
    </ClInclude>
    <ClInclude Include="..\src\util\Timer.hpp">
      <Filter>util</Filter>
    </ClInclude>
    <ClInclude Include="..\src\util\Util.h">
      <Filter>util</Filter>
    </ClInclude>
    <ClInclude Include="..\src\common\BotAssert.h">
      <Filter>common</Filter>
    </ClInclude>
    <ClInclude Include="..\src\common\Common.h">
      <Filter>common</Filter>
    </ClInclude>
    <ClInclude Include="..\src\util\MapTools.h">
      <Filter>util</Filter>
    </ClInclude>
    <ClInclude Include="..\src\macro\WorkerManager.h">
      <Filter>macro</Filter>
    </ClInclude>
    <ClInclude Include="..\src\information\BaseLocation.h">
      <Filter>information</Filter>
    </ClInclude>
    <ClInclude Include="..\src\information\BaseLocationManager.h">
      <Filter>information</Filter>
    </ClInclude>
    <ClInclude Include="..\src\information\UnitInfoManager.h">
      <Filter>information</Filter>
    </ClInclude>
    <ClInclude Include="..\src\information\WorkerData.h">
      <Filter>information</Filter>
    </ClInclude>
    <ClInclude Include="..\src\information\UnitData.h">
      <Filter>information</Filter>
    </ClInclude>
    <ClInclude Include="..\src\information\UnitInfo.h">
      <Filter>information</Filter>
    </ClInclude>
    <ClInclude Include="..\src\information\ProxyTrainingData.h">
      <Filter>information</Filter>
    </ClInclude>
    <ClInclude Include="..\src\InformationManager.h" />
    <ClInclude Include="..\src\StrategyManager.h" />
  </ItemGroup>
  <ItemGroup>
    <Filter Include="util">
      <UniqueIdentifier>{64c41955-1af5-48ab-8112-a76378485f76}</UniqueIdentifier>
    </Filter>
    <Filter Include="common">
      <UniqueIdentifier>{1cc43733-1dd7-4b34-b6e6-e60f0567751e}</UniqueIdentifier>
    </Filter>
    <Filter Include="micro">
      <UniqueIdentifier>{9829f5c0-728d-4121-8884-bf1fddd88a87}</UniqueIdentifier>
    </Filter>
    <Filter Include="AI">
      <UniqueIdentifier>{1786ff3b-e8d4-4894-893e-fe3221fed656}</UniqueIdentifier>
    </Filter>
    <Filter Include="global">
      <UniqueIdentifier>{ab87a61f-a2db-49f6-bf22-c5ec113965b4}</UniqueIdentifier>
    </Filter>
    <Filter Include="macro">
      <UniqueIdentifier>{fb64eecf-b7bb-4ce5-ba5a-62a0d45b2d30}</UniqueIdentifier>
    </Filter>
    <Filter Include="information">
      <UniqueIdentifier>{fe0b9a50-fcf1-4a6a-9b41-18beec6378d3}</UniqueIdentifier>
    </Filter>
  </ItemGroup>
</Project>